
Microsoft Visual Studio Solution File, Format Version 12.00
# Visual Studio 15
VisualStudioVersion = 15.0.28307.852
MinimumVisualStudioVersion = 10.0.40219.1
Project("{FAE04EC0-301F-11D3-BF4B-00C04F79EFBC}") = "blog.react", "blog.react\blog.react.csproj", "{6BCCF690-0005-48E7-8AEC-34A32B4FC6CF}"
EndProject
Global
	GlobalSection(SolutionConfigurationPlatforms) = preSolution
		Debug|Any CPU = Debug|Any CPU
		Release|Any CPU = Release|Any CPU
	EndGlobalSection
	GlobalSection(ProjectConfigurationPlatforms) = postSolution
		{6BCCF690-0005-48E7-8AEC-34A32B4FC6CF}.Debug|Any CPU.ActiveCfg = Debug|Any CPU
		{6BCCF690-0005-48E7-8AEC-34A32B4FC6CF}.Debug|Any CPU.Build.0 = Debug|Any CPU
		{6BCCF690-0005-48E7-8AEC-34A32B4FC6CF}.Release|Any CPU.ActiveCfg = Release|Any CPU
		{6BCCF690-0005-48E7-8AEC-34A32B4FC6CF}.Release|Any CPU.Build.0 = Release|Any CPU
	EndGlobalSection
	GlobalSection(SolutionProperties) = preSolution
		HideSolutionNode = FALSE
	EndGlobalSection
	GlobalSection(ExtensibilityGlobals) = postSolution
		SolutionGuid = {68609F45-C9B9-4E67-B534-543600372C7E}
	EndGlobalSection
EndGlobal
